
Microsoft Visual Studio Solution File, Format Version 12.00
# Visual Studio Version 17
VisualStudioVersion = 17.14.36518.9 d17.14
MinimumVisualStudioVersion = 10.0.40219.1
Project("{FAE04EC0-301F-11D3-BF4B-00C04F79EFBC}") = "novelaweb2", "novelaweb2\novelaweb2.csproj", "{677947DA-BF3B-4B08-8C92-406965A7C324}"
EndProject
Global
	GlobalSection(SolutionConfigurationPlatforms) = preSolution
		Debug|Any CPU = Debug|Any CPU
		Release|Any CPU = Release|Any CPU
	EndGlobalSection
	GlobalSection(ProjectConfigurationPlatforms) = postSolution
		{677947DA-BF3B-4B08-8C92-406965A7C324}.Debug|Any CPU.ActiveCfg = Debug|Any CPU
		{677947DA-BF3B-4B08-8C92-406965A7C324}.Debug|Any CPU.Build.0 = Debug|Any CPU
		{677947DA-BF3B-4B08-8C92-406965A7C324}.Release|Any CPU.ActiveCfg = Release|Any CPU
		{677947DA-BF3B-4B08-8C92-406965A7C324}.Release|Any CPU.Build.0 = Release|Any CPU
	EndGlobalSection
	GlobalSection(SolutionProperties) = preSolution
		HideSolutionNode = FALSE
	EndGlobalSection
	GlobalSection(ExtensibilityGlobals) = postSolution
		SolutionGuid = {F7C8536B-DDA2-4D6D-964D-1C55423DE249}
	EndGlobalSection
EndGlobal
